
Microsoft Visual Studio Solution File, Format Version 12.00
# Visual Studio Version 17
VisualStudioVersion = 17.14.36511.14 d17.14
MinimumVisualStudioVersion = 10.0.40219.1
Project("{FAE04EC0-301F-11D3-BF4B-00C04F79EFBC}") = "MemoryMatchingGame.Core", "MemoryMatchingGame\MemoryMatchingGame.Core.csproj", "{542A38C1-D914-4CB2-A280-48BF60A42406}"
EndProject
Project("{FAE04EC0-301F-11D3-BF4B-00C04F79EFBC}") = "MemoryMatchingGame.Resources", "MemoryMatchingGame.Resources\MemoryMatchingGame.Resources.csproj", "{4ED37280-DCF1-4726-A1E2-E2A196F8AD71}"
EndProject
Project("{FAE04EC0-301F-11D3-BF4B-00C04F79EFBC}") = "MemoryMatchingGame.Tests", "MemoryMatchingGame.Tests\MemoryMatchingGame.Tests.csproj", "{04E4C2AE-0438-4DB5-BE68-E4019E13C035}"
EndProject
Project("{FAE04EC0-301F-11D3-BF4B-00C04F79EFBC}") = "MemoryMatchingGame.WPF", "MemoryMatchingGame.WPF\MemoryMatchingGame.WPF.csproj", "{58186936-A3F6-4974-ABF9-2900BD8B5D64}"
EndProject
Global
	GlobalSection(SolutionConfigurationPlatforms) = preSolution
		Debug|Any CPU = Debug|Any CPU
		Release|Any CPU = Release|Any CPU
	EndGlobalSection
	GlobalSection(ProjectConfigurationPlatforms) = postSolution
		{542A38C1-D914-4CB2-A280-48BF60A42406}.Debug|Any CPU.ActiveCfg = Debug|Any CPU
		{542A38C1-D914-4CB2-A280-48BF60A42406}.Debug|Any CPU.Build.0 = Debug|Any CPU
		{542A38C1-D914-4CB2-A280-48BF60A42406}.Release|Any CPU.ActiveCfg = Release|Any CPU
		{542A38C1-D914-4CB2-A280-48BF60A42406}.Release|Any CPU.Build.0 = Release|Any CPU
		{4ED37280-DCF1-4726-A1E2-E2A196F8AD71}.Debug|Any CPU.ActiveCfg = Debug|Any CPU
		{4ED37280-DCF1-4726-A1E2-E2A196F8AD71}.Debug|Any CPU.Build.0 = Debug|Any CPU
		{4ED37280-DCF1-4726-A1E2-E2A196F8AD71}.Release|Any CPU.ActiveCfg = Release|Any CPU
		{4ED37280-DCF1-4726-A1E2-E2A196F8AD71}.Release|Any CPU.Build.0 = Release|Any CPU
		{04E4C2AE-0438-4DB5-BE68-E4019E13C035}.Debug|Any CPU.ActiveCfg = Debug|Any CPU
		{04E4C2AE-0438-4DB5-BE68-E4019E13C035}.Debug|Any CPU.Build.0 = Debug|Any CPU
		{04E4C2AE-0438-4DB5-BE68-E4019E13C035}.Release|Any CPU.ActiveCfg = Release|Any CPU
		{04E4C2AE-0438-4DB5-BE68-E4019E13C035}.Release|Any CPU.Build.0 = Release|Any CPU
		{58186936-A3F6-4974-ABF9-2900BD8B5D64}.Debug|Any CPU.ActiveCfg = Debug|Any CPU
		{58186936-A3F6-4974-ABF9-2900BD8B5D64}.Debug|Any CPU.Build.0 = Debug|Any CPU
		{58186936-A3F6-4974-ABF9-2900BD8B5D64}.Release|Any CPU.ActiveCfg = Release|Any CPU
		{58186936-A3F6-4974-ABF9-2900BD8B5D64}.Release|Any CPU.Build.0 = Release|Any CPU
	EndGlobalSection
	GlobalSection(SolutionProperties) = preSolution
		HideSolutionNode = FALSE
	EndGlobalSection
	GlobalSection(ExtensibilityGlobals) = postSolution
		SolutionGuid = {E70FEA0D-FBB9-4C9C-BE34-E257062C5440}
	EndGlobalSection
EndGlobal
